
Microsoft Visual Studio Solution File, Format Version 12.00
# Visual Studio Version 17
VisualStudioVersion = 17.14.36623.8 d17.14
MinimumVisualStudioVersion = 10.0.40219.1
Project("{FAE04EC0-301F-11D3-BF4B-00C04F79EFBC}") = "Gudang_OOP_1", "Gudang_OOP_1\Gudang_OOP_1.csproj", "{8C1E8F39-949B-4671-876F-5ED1B7239472}"
EndProject
Global
	GlobalSection(SolutionConfigurationPlatforms) = preSolution
		Debug|Any CPU = Debug|Any CPU
		Release|Any CPU = Release|Any CPU
	EndGlobalSection
	GlobalSection(ProjectConfigurationPlatforms) = postSolution
		{8C1E8F39-949B-4671-876F-5ED1B7239472}.Debug|Any CPU.ActiveCfg = Debug|Any CPU
		{8C1E8F39-949B-4671-876F-5ED1B7239472}.Debug|Any CPU.Build.0 = Debug|Any CPU
		{8C1E8F39-949B-4671-876F-5ED1B7239472}.Release|Any CPU.ActiveCfg = Release|Any CPU
		{8C1E8F39-949B-4671-876F-5ED1B7239472}.Release|Any CPU.Build.0 = Release|Any CPU
	EndGlobalSection
	GlobalSection(SolutionProperties) = preSolution
		HideSolutionNode = FALSE
	EndGlobalSection
	GlobalSection(ExtensibilityGlobals) = postSolution
		SolutionGuid = {F2733982-C279-437C-9B1C-8050C6FC6510}
	EndGlobalSection
EndGlobal
